
Microsoft Visual Studio Solution File, Format Version 12.00
# Visual Studio Version 17
VisualStudioVersion = 17.6.33712.159
MinimumVisualStudioVersion = 10.0.40219.1
Project("{FAE04EC0-301F-11D3-BF4B-00C04F79EFBC}") = "pract16consol", "pract16consol\pract16consol.csproj", "{36DECE6F-B8AA-4E00-9E19-FAD8763652B0}"
EndProject
Global
	GlobalSection(SolutionConfigurationPlatforms) = preSolution
		Debug|Any CPU = Debug|Any CPU
		Release|Any CPU = Release|Any CPU
	EndGlobalSection
	GlobalSection(ProjectConfigurationPlatforms) = postSolution
		{36DECE6F-B8AA-4E00-9E19-FAD8763652B0}.Debug|Any CPU.ActiveCfg = Debug|Any CPU
		{36DECE6F-B8AA-4E00-9E19-FAD8763652B0}.Debug|Any CPU.Build.0 = Debug|Any CPU
		{36DECE6F-B8AA-4E00-9E19-FAD8763652B0}.Release|Any CPU.ActiveCfg = Release|Any CPU
		{36DECE6F-B8AA-4E00-9E19-FAD8763652B0}.Release|Any CPU.Build.0 = Release|Any CPU
	EndGlobalSection
	GlobalSection(SolutionProperties) = preSolution
		HideSolutionNode = FALSE
	EndGlobalSection
	GlobalSection(ExtensibilityGlobals) = postSolution
		SolutionGuid = {1D86D0CC-2A02-4A00-87D2-EC24DDE50186}
	EndGlobalSection
EndGlobal
